
Microsoft Visual Studio Solution File, Format Version 12.00
# Visual Studio Version 16
VisualStudioVersion = 16.0.30503.244
MinimumVisualStudioVersion = 10.0.40219.1
Project("{FAE04EC0-301F-11D3-BF4B-00C04F79EFBC}") = "ContactsAppUI", "ContactsAppUI\ContactsAppUI.csproj", "{ACE3ECB3-A4AC-4535-B09D-D66A44378BB0}"
EndProject
Project("{FAE04EC0-301F-11D3-BF4B-00C04F79EFBC}") = "ContactsApp", "ContactsApp\ContactsApp.csproj", "{EF8B99B2-58A7-4508-8687-3A0962A45020}"
EndProject
Global
	GlobalSection(SolutionConfigurationPlatforms) = preSolution
		Debug|Any CPU = Debug|Any CPU
		Release|Any CPU = Release|Any CPU
	EndGlobalSection
	GlobalSection(ProjectConfigurationPlatforms) = postSolution
		{ACE3ECB3-A4AC-4535-B09D-D66A44378BB0}.Debug|Any CPU.ActiveCfg = Debug|Any CPU
		{ACE3ECB3-A4AC-4535-B09D-D66A44378BB0}.Debug|Any CPU.Build.0 = Debug|Any CPU
		{ACE3ECB3-A4AC-4535-B09D-D66A44378BB0}.Release|Any CPU.ActiveCfg = Release|Any CPU
		{ACE3ECB3-A4AC-4535-B09D-D66A44378BB0}.Release|Any CPU.Build.0 = Release|Any CPU
		{EF8B99B2-58A7-4508-8687-3A0962A45020}.Debug|Any CPU.ActiveCfg = Debug|Any CPU
		{EF8B99B2-58A7-4508-8687-3A0962A45020}.Debug|Any CPU.Build.0 = Debug|Any CPU
		{EF8B99B2-58A7-4508-8687-3A0962A45020}.Release|Any CPU.ActiveCfg = Release|Any CPU
		{EF8B99B2-58A7-4508-8687-3A0962A45020}.Release|Any CPU.Build.0 = Release|Any CPU
	EndGlobalSection
	GlobalSection(SolutionProperties) = preSolution
		HideSolutionNode = FALSE
	EndGlobalSection
	GlobalSection(ExtensibilityGlobals) = postSolution
		SolutionGuid = {D4EA5097-6345-4053-A267-6E70944E0CC8}
	EndGlobalSection
EndGlobal
